
Microsoft Visual Studio Solution File, Format Version 12.00
# Visual Studio Version 17
VisualStudioVersion = 17.11.35312.102
MinimumVisualStudioVersion = 10.0.40219.1
Project("{8BC9CEB8-8B4A-11D0-8D11-00A0C91BC942}") = "RBtree for Artem Shulatev in 24h", "RBtree for Artem Shulatev in 24h\RBtree for Artem Shulatev in 24h.vcxproj", "{03DA34AA-0BC9-4A3A-948B-98F9F9AC0A05}"
EndProject
Global
	GlobalSection(SolutionConfigurationPlatforms) = preSolution
		Debug|x64 = Debug|x64
		Debug|x86 = Debug|x86
		Release|x64 = Release|x64
		Release|x86 = Release|x86
	EndGlobalSection
	GlobalSection(ProjectConfigurationPlatforms) = postSolution
		{03DA34AA-0BC9-4A3A-948B-98F9F9AC0A05}.Debug|x64.ActiveCfg = Debug|x64
		{03DA34AA-0BC9-4A3A-948B-98F9F9AC0A05}.Debug|x64.Build.0 = Debug|x64
		{03DA34AA-0BC9-4A3A-948B-98F9F9AC0A05}.Debug|x86.ActiveCfg = Debug|Win32
		{03DA34AA-0BC9-4A3A-948B-98F9F9AC0A05}.Debug|x86.Build.0 = Debug|Win32
		{03DA34AA-0BC9-4A3A-948B-98F9F9AC0A05}.Release|x64.ActiveCfg = Release|x64
		{03DA34AA-0BC9-4A3A-948B-98F9F9AC0A05}.Release|x64.Build.0 = Release|x64
		{03DA34AA-0BC9-4A3A-948B-98F9F9AC0A05}.Release|x86.ActiveCfg = Release|Win32
		{03DA34AA-0BC9-4A3A-948B-98F9F9AC0A05}.Release|x86.Build.0 = Release|Win32
	EndGlobalSection
	GlobalSection(SolutionProperties) = preSolution
		HideSolutionNode = FALSE
	EndGlobalSection
	GlobalSection(ExtensibilityGlobals) = postSolution
		SolutionGuid = {F9A659C7-9D47-4183-899D-DA276428C767}
	EndGlobalSection
EndGlobal
